<?xml version="1.0" encoding="utf-8"?>
<Project ToolsVersion="4.0" xmlns="http://schemas.microsoft.com/developer/msbuild/2003">
  <ItemGroup>
    <Filter Include="Source Files">
      <UniqueIdentifier>{4FC737F1-C7A5-4376-A066-2A32D752A2FF}</UniqueIdentifier>
      <Extensions>cpp;c;cc;cxx;def;odl;idl;hpj;bat;asm;asmx</Extensions>
    </Filter>
    <Filter Include="Header Files">
      <UniqueIdentifier>{93995380-89BD-4b04-88EB-625FBE52EBFB}</UniqueIdentifier>
      <Extensions>h;hh;hpp;hxx;hm;inl;inc;xsd</Extensions>
    </Filter>
    <Filter Include="Resource Files">
      <UniqueIdentifier>{67DA6AB6-F800-4c08-8B7A-83BB121AAD01}</UniqueIdentifier>
      <Extensions>rc;ico;cur;bmp;dlg;rc2;rct;bin;rgs;gif;jpg;jpeg;jpe;resx;tiff;tif;png;wav;mfcribbon-ms</Extensions>
    </Filter>
    <Filter Include="Resource Files\dx11renderer">
      <UniqueIdentifier>{af55bbb1-3a3c-4061-9d3c-eed8e64fe43b}</UniqueIdentifier>
    </Filter>
    <Filter Include="Resource Files\dx11renderer\FW1FontWrapper">
      <UniqueIdentifier>{e314975e-6e73-4631-8709-8de679462e84}</UniqueIdentifier>
    </Filter>
    <Filter Include="Header Files\sdk">
      <UniqueIdentifier>{6b2736bf-0480-4a1c-a1c8-3ac954ac81b1}</UniqueIdentifier>
    </Filter>
    <Filter Include="Header Files\features">
      <UniqueIdentifier>{de4c8547-fd59-4468-b1da-2c888ae832e4}</UniqueIdentifier>
    </Filter>
    <Filter Include="Source Files\features">
      <UniqueIdentifier>{c5dab40a-94e3-461c-b305-2122a7ed7826}</UniqueIdentifier>
    </Filter>
  </ItemGroup>
  <ItemGroup>
    <ClCompile Include="main.cpp">
      <Filter>Source Files</Filter>
    </ClCompile>
    <ClCompile Include="presenthook.cpp">
      <Filter>Source Files</Filter>
    </ClCompile>
    <ClCompile Include="dx11renderer\D3D11Renderer.cpp">
      <Filter>Resource Files\dx11renderer</Filter>
    </ClCompile>
    <ClCompile Include="dx11renderer\D3D11StateSaver.cpp">
      <Filter>Resource Files\dx11renderer</Filter>
    </ClCompile>
    <ClCompile Include="dx11renderer\FW1FontWrapper\CFW1StateSaver.cpp">
      <Filter>Resource Files\dx11renderer\FW1FontWrapper</Filter>
    </ClCompile>
    <ClCompile Include="dx11renderer\FW1FontWrapper\CFW1TextGeometry.cpp">
      <Filter>Resource Files\dx11renderer\FW1FontWrapper</Filter>
    </ClCompile>
    <ClCompile Include="dx11renderer\FW1FontWrapper\CFW1TextGeometryInterface.cpp">
      <Filter>Resource Files\dx11renderer\FW1FontWrapper</Filter>
    </ClCompile>
    <ClCompile Include="dx11renderer\FW1FontWrapper\CFW1TextRenderer.cpp">
      <Filter>Resource Files\dx11renderer\FW1FontWrapper</Filter>
    </ClCompile>
    <ClCompile Include="dx11renderer\FW1FontWrapper\CFW1TextRendererInterface.cpp">
      <Filter>Resource Files\dx11renderer\FW1FontWrapper</Filter>
    </ClCompile>
    <ClCompile Include="dx11renderer\FW1FontWrapper\FW1FontWrapper.cpp">
      <Filter>Resource Files\dx11renderer\FW1FontWrapper</Filter>
    </ClCompile>
    <ClCompile Include="dx11renderer\FW1FontWrapper\FW1Precompiled.cpp">
      <Filter>Resource Files\dx11renderer\FW1FontWrapper</Filter>
    </ClCompile>
    <ClCompile Include="dx11renderer\FW1FontWrapper\CFW1ColorRGBA.cpp">
      <Filter>Resource Files\dx11renderer\FW1FontWrapper</Filter>
    </ClCompile>
    <ClCompile Include="dx11renderer\FW1FontWrapper\CFW1ColorRGBAInterface.cpp">
      <Filter>Resource Files\dx11renderer\FW1FontWrapper</Filter>
    </ClCompile>
    <ClCompile Include="dx11renderer\FW1FontWrapper\CFW1DWriteRenderTarget.cpp">
      <Filter>Resource Files\dx11renderer\FW1FontWrapper</Filter>
    </ClCompile>
    <ClCompile Include="dx11renderer\FW1FontWrapper\CFW1DWriteRenderTargetInterface.cpp">
      <Filter>Resource Files\dx11renderer\FW1FontWrapper</Filter>
    </ClCompile>
    <ClCompile Include="dx11renderer\FW1FontWrapper\CFW1Factory.cpp">
      <Filter>Resource Files\dx11renderer\FW1FontWrapper</Filter>
    </ClCompile>
    <ClCompile Include="dx11renderer\FW1FontWrapper\CFW1FactoryInterface.cpp">
      <Filter>Resource Files\dx11renderer\FW1FontWrapper</Filter>
    </ClCompile>
    <ClCompile Include="dx11renderer\FW1FontWrapper\CFW1FontWrapper.cpp">
      <Filter>Resource Files\dx11renderer\FW1FontWrapper</Filter>
    </ClCompile>
    <ClCompile Include="dx11renderer\FW1FontWrapper\CFW1FontWrapperInterface.cpp">
      <Filter>Resource Files\dx11renderer\FW1FontWrapper</Filter>
    </ClCompile>
    <ClCompile Include="dx11renderer\FW1FontWrapper\CFW1GlyphAtlas.cpp">
      <Filter>Resource Files\dx11renderer\FW1FontWrapper</Filter>
    </ClCompile>
    <ClCompile Include="dx11renderer\FW1FontWrapper\CFW1GlyphAtlasInterface.cpp">
      <Filter>Resource Files\dx11renderer\FW1FontWrapper</Filter>
    </ClCompile>
    <ClCompile Include="dx11renderer\FW1FontWrapper\CFW1GlyphProvider.cpp">
      <Filter>Resource Files\dx11renderer\FW1FontWrapper</Filter>
    </ClCompile>
    <ClCompile Include="dx11renderer\FW1FontWrapper\CFW1GlyphProviderInterface.cpp">
      <Filter>Resource Files\dx11renderer\FW1FontWrapper</Filter>
    </ClCompile>
    <ClCompile Include="dx11renderer\FW1FontWrapper\CFW1GlyphRenderStates.cpp">
      <Filter>Resource Files\dx11renderer\FW1FontWrapper</Filter>
    </ClCompile>
    <ClCompile Include="dx11renderer\FW1FontWrapper\CFW1GlyphRenderStatesInterface.cpp">
      <Filter>Resource Files\dx11renderer\FW1FontWrapper</Filter>
    </ClCompile>
    <ClCompile Include="dx11renderer\FW1FontWrapper\CFW1GlyphSheet.cpp">
      <Filter>Resource Files\dx11renderer\FW1FontWrapper</Filter>
    </ClCompile>
    <ClCompile Include="dx11renderer\FW1FontWrapper\CFW1GlyphSheetInterface.cpp">
      <Filter>Resource Files\dx11renderer\FW1FontWrapper</Filter>
    </ClCompile>
    <ClCompile Include="dx11renderer\FW1FontWrapper\CFW1GlyphVertexDrawer.cpp">
      <Filter>Resource Files\dx11renderer\FW1FontWrapper</Filter>
    </ClCompile>
    <ClCompile Include="dx11renderer\FW1FontWrapper\CFW1GlyphVertexDrawerInterface.cpp">
      <Filter>Resource Files\dx11renderer\FW1FontWrapper</Filter>
    </ClCompile>
    <ClCompile Include="interfaces.cpp">
      <Filter>Source Files</Filter>
    </ClCompile>
    <ClCompile Include="entities.cpp">
      <Filter>Source Files</Filter>
    </ClCompile>
    <ClCompile Include="aimbot.cpp">
      <Filter>Source Files\features</Filter>
    </ClCompile>
    <ClCompile Include="esp.cpp">
      <Filter>Source Files\features</Filter>
    </ClCompile>
    <ClCompile Include="misc.cpp">
      <Filter>Source Files\features</Filter>
    </ClCompile>
  </ItemGroup>
  <ItemGroup>
    <ClInclude Include="arma3.h">
      <Filter>Header Files</Filter>
    </ClInclude>
    <ClInclude Include="presenthook.h">
      <Filter>Header Files</Filter>
    </ClInclude>
    <ClInclude Include="hook.h">
      <Filter>Header Files</Filter>
    </ClInclude>
    <ClInclude Include="dx11renderer\D3D11StateSaver.h">
      <Filter>Resource Files\dx11renderer</Filter>
    </ClInclude>
    <ClInclude Include="dx11renderer\Helper.h">
      <Filter>Resource Files\dx11renderer</Filter>
    </ClInclude>
    <ClInclude Include="dx11renderer\D3D11Renderer.h">
      <Filter>Resource Files\dx11renderer</Filter>
    </ClInclude>
    <ClInclude Include="dx11renderer\D3D11Shader.h">
      <Filter>Resource Files\dx11renderer</Filter>
    </ClInclude>
    <ClInclude Include="dx11renderer\FW1FontWrapper\CFW1StateSaver.h">
      <Filter>Resource Files\dx11renderer\FW1FontWrapper</Filter>
    </ClInclude>
    <ClInclude Include="dx11renderer\FW1FontWrapper\CFW1TextGeometry.h">
      <Filter>Resource Files\dx11renderer\FW1FontWrapper</Filter>
    </ClInclude>
    <ClInclude Include="dx11renderer\FW1FontWrapper\CFW1TextRenderer.h">
      <Filter>Resource Files\dx11renderer\FW1FontWrapper</Filter>
    </ClInclude>
    <ClInclude Include="dx11renderer\FW1FontWrapper\FW1CompileSettings.h">
      <Filter>Resource Files\dx11renderer\FW1FontWrapper</Filter>
    </ClInclude>
    <ClInclude Include="dx11renderer\FW1FontWrapper\FW1FontWrapper.h">
      <Filter>Resource Files\dx11renderer\FW1FontWrapper</Filter>
    </ClInclude>
    <ClInclude Include="dx11renderer\FW1FontWrapper\FW1Precompiled.h">
      <Filter>Resource Files\dx11renderer\FW1FontWrapper</Filter>
    </ClInclude>
    <ClInclude Include="dx11renderer\FW1FontWrapper\CFW1ColorRGBA.h">
      <Filter>Resource Files\dx11renderer\FW1FontWrapper</Filter>
    </ClInclude>
    <ClInclude Include="dx11renderer\FW1FontWrapper\CFW1DWriteRenderTarget.h">
      <Filter>Resource Files\dx11renderer\FW1FontWrapper</Filter>
    </ClInclude>
    <ClInclude Include="dx11renderer\FW1FontWrapper\CFW1Factory.h">
      <Filter>Resource Files\dx11renderer\FW1FontWrapper</Filter>
    </ClInclude>
    <ClInclude Include="dx11renderer\FW1FontWrapper\CFW1FontWrapper.h">
      <Filter>Resource Files\dx11renderer\FW1FontWrapper</Filter>
    </ClInclude>
    <ClInclude Include="dx11renderer\FW1FontWrapper\CFW1GlyphAtlas.h">
      <Filter>Resource Files\dx11renderer\FW1FontWrapper</Filter>
    </ClInclude>
    <ClInclude Include="dx11renderer\FW1FontWrapper\CFW1GlyphProvider.h">
      <Filter>Resource Files\dx11renderer\FW1FontWrapper</Filter>
    </ClInclude>
    <ClInclude Include="dx11renderer\FW1FontWrapper\CFW1GlyphRenderStates.h">
      <Filter>Resource Files\dx11renderer\FW1FontWrapper</Filter>
    </ClInclude>
    <ClInclude Include="dx11renderer\FW1FontWrapper\CFW1GlyphSheet.h">
      <Filter>Resource Files\dx11renderer\FW1FontWrapper</Filter>
    </ClInclude>
    <ClInclude Include="dx11renderer\FW1FontWrapper\CFW1GlyphVertexDrawer.h">
      <Filter>Resource Files\dx11renderer\FW1FontWrapper</Filter>
    </ClInclude>
    <ClInclude Include="dx11renderer\FW1FontWrapper\CFW1Object.h">
      <Filter>Resource Files\dx11renderer\FW1FontWrapper</Filter>
    </ClInclude>
    <ClInclude Include="sdk\world.h">
      <Filter>Header Files\sdk</Filter>
    </ClInclude>
    <ClInclude Include="sdk\entity.h">
      <Filter>Header Files\sdk</Filter>
    </ClInclude>
    <ClInclude Include="sdk\net.h">
      <Filter>Header Files\sdk</Filter>
    </ClInclude>
    <ClInclude Include="sdk\script.h">
      <Filter>Header Files\sdk</Filter>
    </ClInclude>
    <ClInclude Include="vmt.h">
      <Filter>Header Files</Filter>
    </ClInclude>
    <ClInclude Include="sdk\ui.h">
      <Filter>Header Files\sdk</Filter>
    </ClInclude>
    <ClInclude Include="sdk\camera.h">
      <Filter>Header Files\sdk</Filter>
    </ClInclude>
    <ClInclude Include="sdk\gun.h">
      <Filter>Header Files\sdk</Filter>
    </ClInclude>
    <ClInclude Include="interfaces.h">
      <Filter>Header Files</Filter>
    </ClInclude>
    <ClInclude Include="entities.h">
      <Filter>Header Files</Filter>
    </ClInclude>
    <ClInclude Include="aimbot.h">
      <Filter>Header Files\features</Filter>
    </ClInclude>
    <ClInclude Include="esp.h">
      <Filter>Header Files\features</Filter>
    </ClInclude>
    <ClInclude Include="misc.h">
      <Filter>Header Files\features</Filter>
    </ClInclude>
    <ClInclude Include="sdk\event.h">
      <Filter>Header Files\sdk</Filter>
    </ClInclude>
  </ItemGroup>
</Project>